<?xml version="1.0" encoding="utf-8"?>
<Project ToolsVersion="4.0" xmlns="http://schemas.microsoft.com/developer/msbuild/2003">
  <ItemGroup>
    <Filter Include="Source Files">
      <UniqueIdentifier>{4FC737F1-C7A5-4376-A066-2A32D752A2FF}</UniqueIdentifier>
      <Extensions>cpp;c;cc;cxx;def;odl;idl;hpj;bat;asm;asmx</Extensions>
    </Filter>
    <Filter Include="Header Files">
      <UniqueIdentifier>{93995380-89BD-4b04-88EB-625FBE52EBFB}</UniqueIdentifier>
      <Extensions>h;hh;hpp;hxx;hm;inl;inc;xsd</Extensions>
    </Filter>
    <Filter Include="Resource Files">
      <UniqueIdentifier>{67DA6AB6-F800-4c08-8B7A-83BB121AAD01}</UniqueIdentifier>
      <Extensions>rc;ico;cur;bmp;dlg;rc2;rct;bin;rgs;gif;jpg;jpeg;jpe;resx;tiff;tif;png;wav;mfcribbon-ms</Extensions>
    </Filter>
    <Filter Include="Source Files\Class">
      <UniqueIdentifier>{432a5520-8a8c-4105-8d7b-f7ab172fb9af}</UniqueIdentifier>
    </Filter>
    <Filter Include="Source Files\Lines">
      <UniqueIdentifier>{7d0c298a-7580-4e90-b04e-afd15497ee06}</UniqueIdentifier>
    </Filter>
    <Filter Include="Source Files\Drivers">
      <UniqueIdentifier>{4da099e9-3ac2-4a9d-a217-bf06c0ce0b48}</UniqueIdentifier>
    </Filter>
  </ItemGroup>
  <ItemGroup>
    <ClCompile Include="main.cpp">
      <Filter>Source Files</Filter>
    </ClCompile>
    <ClCompile Include="Shift.cpp">
      <Filter>Source Files\Class</Filter>
    </ClCompile>
    <ClCompile Include="Line.cpp">
      <Filter>Source Files\Class</Filter>
    </ClCompile>
    <ClCompile Include="Driver.cpp">
      <Filter>Source Files\Class</Filter>
    </ClCompile>
    <ClCompile Include="Company.cpp">
      <Filter>Source Files\Class</Filter>
    </ClCompile>
    <ClCompile Include="Bus.cpp">
      <Filter>Source Files\Class</Filter>
    </ClCompile>
    <ClCompile Include="openFile.cpp">
      <Filter>Source Files</Filter>
    </ClCompile>
    <ClCompile Include="menu.cpp">
      <Filter>Source Files</Filter>
    </ClCompile>
    <ClCompile Include="Notepad.cpp">
      <Filter>Source Files</Filter>
    </ClCompile>
    <ClCompile Include="Input_Color.cpp">
      <Filter>Source Files</Filter>
    </ClCompile>
    <ClCompile Include="readLines.cpp">
      <Filter>Source Files\Lines</Filter>
    </ClCompile>
    <ClCompile Include="writeLines.cpp">
      <Filter>Source Files\Lines</Filter>
    </ClCompile>
    <ClCompile Include="readDrivers.cpp">
      <Filter>Source Files\Drivers</Filter>
    </ClCompile>
    <ClCompile Include="WriteDrivers.cpp">
      <Filter>Source Files\Drivers</Filter>
    </ClCompile>
    <ClCompile Include="WelcomeScreen.cpp">
      <Filter>Source Files</Filter>
    </ClCompile>
    <ClCompile Include="linesManager.cpp">
      <Filter>Source Files\Lines</Filter>
    </ClCompile>
    <ClCompile Include="linesOperations.cpp">
      <Filter>Source Files\Lines</Filter>
    </ClCompile>
    <ClCompile Include="linesElements.cpp">
      <Filter>Source Files\Lines</Filter>
    </ClCompile>
    <ClCompile Include="templateFunc.cpp">
      <Filter>Source Files</Filter>
    </ClCompile>
    <ClCompile Include="driversManager.cpp">
      <Filter>Source Files\Drivers</Filter>
    </ClCompile>
    <ClCompile Include="driversOperations.cpp">
      <Filter>Source Files\Drivers</Filter>
    </ClCompile>
    <ClCompile Include="editLinecpp.cpp">
      <Filter>Source Files\Lines</Filter>
    </ClCompile>
  </ItemGroup>
  <ItemGroup>
    <ClInclude Include="Bus.h">
      <Filter>Header Files</Filter>
    </ClInclude>
    <ClInclude Include="Company.h">
      <Filter>Header Files</Filter>
    </ClInclude>
    <ClInclude Include="Driver.h">
      <Filter>Header Files</Filter>
    </ClInclude>
    <ClInclude Include="Line.h">
      <Filter>Header Files</Filter>
    </ClInclude>
    <ClInclude Include="Shift.h">
      <Filter>Header Files</Filter>
    </ClInclude>
    <ClInclude Include="Header.h">
      <Filter>Header Files</Filter>
    </ClInclude>
  </ItemGroup>
</Project>